// !$*UTF8*$!
{
	archiveVersion = 1;
	classes = {
	};
	objectVersion = 50;
	objects = {

/* Begin PBXBuildFile section */
		6661F8C92212436400722812 /* AppDelegate.swift in Sources */ = {isa = PBXBuildFile; fileRef = 6661F8C82212436400722812 /* AppDelegate.swift */; };
		6661F8CB2212436400722812 /* ViewController.swift in Sources */ = {isa = PBXBuildFile; fileRef = 6661F8CA2212436400722812 /* ViewController.swift */; };
		6661F8CE2212436400722812 /* Main.storyboard in Resources */ = {isa = PBXBuildFile; fileRef = 6661F8CC2212436400722812 /* Main.storyboard */; };
		6661F8D12212436400722812 /* BK_Valve.xcdatamodeld in Sources */ = {isa = PBXBuildFile; fileRef = 6661F8CF2212436400722812 /* BK_Valve.xcdatamodeld */; };
		6661F8D32212436600722812 /* Assets.xcassets in Resources */ = {isa = PBXBuildFile; fileRef = 6661F8D22212436600722812 /* Assets.xcassets */; };
		6661F8D62212436600722812 /* LaunchScreen.storyboard in Resources */ = {isa = PBXBuildFile; fileRef = 6661F8D42212436600722812 /* LaunchScreen.storyboard */; };
/* End PBXBuildFile section */

/* Begin PBXFileReference section */
		6661F8C52212436400722812 /* BK-Valve.app */ = {isa = PBXFileReference; explicitFileType = wrapper.application; includeInIndex = 0; path = "BK-Valve.app"; sourceTree = BUILT_PRODUCTS_DIR; };
		6661F8C82212436400722812 /* AppDelegate.swift */ = {isa = PBXFileReference; lastKnownFileType = sourcecode.swift; path = AppDelegate.swift; sourceTree = "<group>"; };
		6661F8CA2212436400722812 /* ViewController.swift */ = {isa = PBXFileReference; lastKnownFileType = sourcecode.swift; path = ViewController.swift; sourceTree = "<group>"; };
		6661F8CD2212436400722812 /* Base */ = {isa = PBXFileReference; lastKnownFileType = file.storyboard; name = Base; path = Base.lproj/Main.storyboard; sourceTree = "<group>"; };
		6661F8D02212436400722812 /* BK_Valve.xcdatamodel */ = {isa = PBXFileReference; lastKnownFileType = wrapper.xcdatamodel; path = BK_Valve.xcdatamodel; sourceTree = "<group>"; };
		6661F8D22212436600722812 /* Assets.xcassets */ = {isa = PBXFileReference; lastKnownFileType = folder.assetcatalog; path = Assets.xcassets; sourceTree = "<group>"; };
		6661F8D52212436600722812 /* Base */ = {isa = PBXFileReference; lastKnownFileType = file.storyboard; name = Base; path = Base.lproj/LaunchScreen.storyboard; sourceTree = "<group>"; };
		6661F8D72212436600722812 /* Info.plist */ = {isa = PBXFileReference; lastKnownFileType = text.plist.xml; path = Info.plist; sourceTree = "<group>"; };
/* End PBXFileReference section */

/* Begin PBXFrameworksBuildPhase section */
		6661F8C22212436400722812 /* Frameworks */ = {
			isa = PBXFrameworksBuildPhase;
			buildActionMask = 2147483647;
			files = (
			);
			runOnlyForDeploymentPostprocessing = 0;
		};
/* End PBXFrameworksBuildPhase section */

/* Begin PBXGroup section */
		6661F8BC2212436400722812 = {
			isa = PBXGroup;
			children = (
				6661F8C72212436400722812 /* BK-Valve */,
				6661F8C62212436400722812 /* Products */,
			);
			sourceTree = "<group>";
		};
		6661F8C62212436400722812 /* Products */ = {
			isa = PBXGroup;
			children = (
				6661F8C52212436400722812 /* BK-Valve.app */,
			);
			name = Products;
			sourceTree = "<group>";
		};
		6661F8C72212436400722812 /* BK-Valve */ = {
			isa = PBXGroup;
			children = (
				6661F8C82212436400722812 /* AppDelegate.swift */,
				6661F8CA2212436400722812 /* ViewController.swift */,
				6661F8CC2212436400722812 /* Main.storyboard */,
				6661F8D22212436600722812 /* Assets.xcassets */,
				6661F8D42212436600722812 /* LaunchScreen.storyboard */,
				6661F8D72212436600722812 /* Info.plist */,
				6661F8CF2212436400722812 /* BK_Valve.xcdatamodeld */,
			);
			path = "BK-Valve";
			sourceTree = "<group>";
		};
/* End PBXGroup section */

/* Begin PBXNativeTarget section */
		6661F8C42212436400722812 /* BK-Valve */ = {
			isa = PBXNativeTarget;
			buildConfigurationList = 6661F8DA2212436600722812 /* Build configuration list for PBXNativeTarget "BK-Valve" */;
			buildPhases = (
				6661F8C12212436400722812 /* Sources */,
				6661F8C22212436400722812 /* Frameworks */,
				6661F8C32212436400722812 /* Resources */,
			);
			buildRules = (
			);
			dependencies = (
			);
			name = "BK-Valve";
			productName = "BK-Valve";
			productReference = 6661F8C52212436400722812 /* BK-Valve.app */;
			productType = "com.apple.product-type.application";
		};
/* End PBXNativeTarget section */

/* Begin PBXProject section */
		6661F8BD2212436400722812 /* Project object */ = {
			isa = PBXProject;
			attributes = {
				LastSwiftUpdateCheck = 1010;
				LastUpgradeCheck = 1010;
				ORGANIZATIONNAME = "Peter Kowalski";
				TargetAttributes = {
					6661F8C42212436400722812 = {
						CreatedOnToolsVersion = 10.1;
					};
				};
			};
			buildConfigurationList = 6661F8C02212436400722812 /* Build configuration list for PBXProject "BK-Valve" */;
			compatibilityVersion = "Xcode 9.3";
			developmentRegion = en;
			hasScannedForEncodings = 0;
			knownRegions = (
				en,
				Base,
			);
			mainGroup = 6661F8BC2212436400722812;
			productRefGroup = 6661F8C62212436400722812 /* Products */;
			projectDirPath = "";
			projectRoot = "";
			targets = (
				6661F8C42212436400722812 /* BK-Valve */,
			);
		};
/* End PBXProject section */

/* Begin PBXResourcesBuildPhase section */
		6661F8C32212436400722812 /* Resources */ = {
			isa = PBXResourcesBuildPhase;
			buildActionMask = 2147483647;
			files = (
				6661F8D62212436600722812 /* LaunchScreen.storyboard in Resources */,
				6661F8D32212436600722812 /* Assets.xcassets in Resources */,
				6661F8CE2212436400722812 /* Main.storyboard in Resources */,
			);
			runOnlyForDeploymentPostprocessing = 0;
		};
/* End PBXResourcesBuildPhase section */

/* Begin PBXSourcesBuildPhase section */
		6661F8C12212436400722812 /* Sources */ = {
			isa = PBXSourcesBuildPhase;
			buildActionMask = 2147483647;
			files = (
				6661F8CB2212436400722812 /* ViewController.swift in Sources */,
				6661F8C92212436400722812 /* AppDelegate.swift in Sources */,
				6661F8D12212436400722812 /* BK_Valve.xcdatamodeld in Sources */,
			);
			runOnlyForDeploymentPostprocessing = 0;
		};
/* End PBXSourcesBuildPhase section */

/* Begin PBXVariantGroup section */
		6661F8CC2212436400722812 /* Main.storyboard */ = {
			isa = PBXVariantGroup;
			children = (
				6661F8CD2212436400722812 /* Base */,
			);
			name = Main.storyboard;
			sourceTree = "<group>";
		};
		6661F8D42212436600722812 /* LaunchScreen.storyboard */ = {
			isa = PBXVariantGroup;
			children = (
				6661F8D52212436600722812 /* Base */,
			);
			name = LaunchScreen.storyboard;
			sourceTree = "<group>";
		};
/* End PBXVariantGroup section */

/* Begin XCBuildConfiguration section */
		6661F8D82212436600722812 /* Debug */ = {
			isa = XCBuildConfiguration;
			buildSettings = {
				ALWAYS_SEARCH_USER_PATHS = NO;
				CLANG_ANALYZER_NONNULL = YES;
				CLANG_ANALYZER_NUMBER_OBJECT_CONVERSION = YES_AGGRESSIVE;
				CLANG_CXX_LANGUAGE_STANDARD = "gnu++14";
				CLANG_CXX_LIBRARY = "libc++";
				CLANG_ENABLE_MODULES = YES;
				CLANG_ENABLE_OBJC_ARC = YES;
				CLANG_ENABLE_OBJC_WEAK = YES;
				CLANG_WARN_BLOCK_CAPTURE_AUTORELEASING = YES;
				CLANG_WARN_BOOL_CONVERSION = YES;
				CLANG_WARN_COMMA = YES;
				CLANG_WARN_CONSTANT_CONVERSION = YES;
				CLANG_WARN_DEPRECATED_OBJC_IMPLEMENTATIONS = YES;
				CLANG_WARN_DIRECT_OBJC_ISA_USAGE = YES_ERROR;
				CLANG_WARN_DOCUMENTATION_COMMENTS = YES;
				CLANG_WARN_EMPTY_BODY = YES;
				CLANG_WARN_ENUM_CONVERSION = YES;
				CLANG_WARN_INFINITE_RECURSION = YES;
				CLANG_WARN_INT_CONVERSION = YES;
				CLANG_WARN_NON_LITERAL_NULL_CONVERSION = YES;
				CLANG_WARN_OBJC_IMPLICIT_RETAIN_SELF = YES;
				CLANG_WARN_OBJC_LITERAL_CONVERSION = YES;
				CLANG_WARN_OBJC_ROOT_CLASS = YES_ERROR;
				CLANG_WARN_RANGE_LOOP_ANALYSIS = YES;
				CLANG_WARN_STRICT_PROTOTYPES = YES;
				CLANG_WARN_SUSPICIOUS_MOVE = YES;
				CLANG_WARN_UNGUARDED_AVAILABILITY = YES_AGGRESSIVE;
				CLANG_WARN_UNREACHABLE_CODE = YES;
				CLANG_WARN__DUPLICATE_METHOD_MATCH = YES;
				CODE_SIGN_IDENTITY = "iPhone Developer";
				COPY_PHASE_STRIP = NO;
				DEBUG_INFORMATION_FORMAT = dwarf;
				ENABLE_STRICT_OBJC_MSGSEND = YES;
				ENABLE_TESTABILITY = YES;
				GCC_C_LANGUAGE_STANDARD = gnu11;
				GCC_DYNAMIC_NO_PIC = NO;
				GCC_NO_COMMON_BLOCKS = YES;
				GCC_OPTIMIZATION_LEVEL = 0;
				GCC_PREPROCESSOR_DEFINITIONS = (
					"DEBUG=1",
					"$(inherited)",
				);
				GCC_WARN_64_TO_32_BIT_CONVERSION = YES;
				GCC_WARN_ABOUT_RETURN_TYPE = YES_ERROR;
				GCC_WARN_UNDECLARED_SELECTOR = YES;
				GCC_WARN_UNINITIALIZED_AUTOS = YES_AGGRESSIVE;
				GCC_WARN_UNUSED_FUNCTION = YES;
				GCC_WARN_UNUSED_VARIABLE = YES;
				IPHONEOS_DEPLOYMENT_TARGET = 12.1;
				MTL_ENABLE_DEBUG_INFO = INCLUDE_SOURCE;
				MTL_FAST_MATH = YES;
				ONLY_ACTIVE_ARCH = YES;
				SDKROOT = iphoneos;
				SWIFT_ACTIVE_COMPILATION_CONDITIONS = DEBUG;
				SWIFT_OPTIMIZATION_LEVEL = "-Onone";
			};
			name = Debug;
		};
		6661F8D92212436600722812 /* Release */ = {
			isa = XCBuildConfiguration;
			buildSettings = {
				ALWAYS_SEARCH_USER_PATHS = NO;
				CLANG_ANALYZER_NONNULL = YES;
				CLANG_ANALYZER_NUMBER_OBJECT_CONVERSION = YES_AGGRESSIVE;
				CLANG_CXX_LANGUAGE_STANDARD = "gnu++14";
				CLANG_CXX_LIBRARY = "libc++";
				CLANG_ENABLE_MODULES = YES;
				CLANG_ENABLE_OBJC_ARC = YES;
				CLANG_ENABLE_OBJC_WEAK = YES;
				CLANG_WARN_BLOCK_CAPTURE_AUTORELEASING = YES;
				CLANG_WARN_BOOL_CONVERSION = YES;
				CLANG_WARN_COMMA = YES;
				CLANG_WARN_CONSTANT_CONVERSION = YES;
				CLANG_WARN_DEPRECATED_OBJC_IMPLEMENTATIONS = YES;
				CLANG_WARN_DIRECT_OBJC_ISA_USAGE = YES_ERROR;
				CLANG_WARN_DOCUMENTATION_COMMENTS = YES;
				CLANG_WARN_EMPTY_BODY = YES;
				CLANG_WARN_ENUM_CONVERSION = YES;
				CLANG_WARN_INFINITE_RECURSION = YES;
				CLANG_WARN_INT_CONVERSION = YES;
				CLANG_WARN_NON_LITERAL_NULL_CONVERSION = YES;
				CLANG_WARN_OBJC_IMPLICIT_RETAIN_SELF = YES;
				CLANG_WARN_OBJC_LITERAL_CONVERSION = YES;
				CLANG_WARN_OBJC_ROOT_CLASS = YES_ERROR;
				CLANG_WARN_RANGE_LOOP_ANALYSIS = YES;
				CLANG_WARN_STRICT_PROTOTYPES = YES;
				CLANG_WARN_SUSPICIOUS_MOVE = YES;
				CLANG_WARN_UNGUARDED_AVAILABILITY = YES_AGGRESSIVE;
				CLANG_WARN_UNREACHABLE_CODE = YES;
				CLANG_WARN__DUPLICATE_METHOD_MATCH = YES;
				CODE_SIGN_IDENTITY = "iPhone Developer";
				COPY_PHASE_STRIP = NO;
				DEBUG_INFORMATION_FORMAT = "dwarf-with-dsym";
				ENABLE_NS_ASSERTIONS = NO;
				ENABLE_STRICT_OBJC_MSGSEND = YES;
				GCC_C_LANGUAGE_STANDARD = gnu11;
				GCC_NO_COMMON_BLOCKS = YES;
				GCC_WARN_64_TO_32_BIT_CONVERSION = YES;
				GCC_WARN_ABOUT_RETURN_TYPE = YES_ERROR;
				GCC_WARN_UNDECLARED_SELECTOR = YES;
				GCC_WARN_UNINITIALIZED_AUTOS = YES_AGGRESSIVE;
				GCC_WARN_UNUSED_FUNCTION = YES;
				GCC_WARN_UNUSED_VARIABLE = YES;
				IPHONEOS_DEPLOYMENT_TARGET = 12.1;
				MTL_ENABLE_DEBUG_INFO = NO;
				MTL_FAST_MATH = YES;
				SDKROOT = iphoneos;
				SWIFT_COMPILATION_MODE = wholemodule;
				SWIFT_OPTIMIZATION_LEVEL = "-O";
				VALIDATE_PRODUCT = YES;
			};
			name = Release;
		};
		6661F8DB2212436600722812 /* Debug */ = {
			isa = XCBuildConfiguration;
			buildSettings = {
				ASSETCATALOG_COMPILER_APPICON_NAME = AppIcon;
				CODE_SIGN_STYLE = Automatic;
				DEVELOPMENT_TEAM = 4V977U8B77;
				INFOPLIST_FILE = "BK-Valve/Info.plist";
				LD_RUNPATH_SEARCH_PATHS = (
					"$(inherited)",
					"@executable_path/Frameworks",
				);
				PRODUCT_BUNDLE_IDENTIFIER = "pl.bk-exhaust.BK-Valve";
				PRODUCT_NAME = "$(TARGET_NAME)";
				SWIFT_VERSION = 4.2;
				TARGETED_DEVICE_FAMILY = "1,2";
			};
			name = Debug;
		};
		6661F8DC2212436600722812 /* Release */ = {
			isa = XCBuildConfiguration;
			buildSettings = {
				ASSETCATALOG_COMPILER_APPICON_NAME = AppIcon;
				CODE_SIGN_STYLE = Automatic;
				DEVELOPMENT_TEAM = 4V977U8B77;
				INFOPLIST_FILE = "BK-Valve/Info.plist";
				LD_RUNPATH_SEARCH_PATHS = (
					"$(inherited)",
					"@executable_path/Frameworks",
				);
				PRODUCT_BUNDLE_IDENTIFIER = "pl.bk-exhaust.BK-Valve";
				PRODUCT_NAME = "$(TARGET_NAME)";
				SWIFT_VERSION = 4.2;
				TARGETED_DEVICE_FAMILY = "1,2";
			};
			name = Release;
		};
/* End XCBuildConfiguration section */

/* Begin XCConfigurationList section */
		6661F8C02212436400722812 /* Build configuration list for PBXProject "BK-Valve" */ = {
			isa = XCConfigurationList;
			buildConfigurations = (
				6661F8D82212436600722812 /* Debug */,
				6661F8D92212436600722812 /* Release */,
			);
			defaultConfigurationIsVisible = 0;
			defaultConfigurationName = Release;
		};
		6661F8DA2212436600722812 /* Build configuration list for PBXNativeTarget "BK-Valve" */ = {
			isa = XCConfigurationList;
			buildConfigurations = (
				6661F8DB2212436600722812 /* Debug */,
				6661F8DC2212436600722812 /* Release */,
			);
			defaultConfigurationIsVisible = 0;
			defaultConfigurationName = Release;
		};
/* End XCConfigurationList section */

/* Begin XCVersionGroup section */
		6661F8CF2212436400722812 /* BK_Valve.xcdatamodeld */ = {
			isa = XCVersionGroup;
			children = (
				6661F8D02212436400722812 /* BK_Valve.xcdatamodel */,
			);
			currentVersion = 6661F8D02212436400722812 /* BK_Valve.xcdatamodel */;
			path = BK_Valve.xcdatamodeld;
			sourceTree = "<group>";
			versionGroupType = wrapper.xcdatamodel;
		};
/* End XCVersionGroup section */
	};
	rootObject = 6661F8BD2212436400722812 /* Project object */;
}
