// !$*UTF8*$!
{
	archiveVersion = 1;
	classes = {
	};
	objectVersion = 50;
	objects = {

/* Begin PBXBuildFile section */
		2F95E2129A103DD79FABFDF2 /* Pods_BK_Valve.framework in Frameworks */ = {isa = PBXBuildFile; fileRef = 4CF5D09B14B503178CC4B43F /* Pods_BK_Valve.framework */; };
		6661F8C92212436400722812 /* AppDelegate.swift in Sources */ = {isa = PBXBuildFile; fileRef = 6661F8C82212436400722812 /* AppDelegate.swift */; };
		6661F8CB2212436400722812 /* ViewController.swift in Sources */ = {isa = PBXBuildFile; fileRef = 6661F8CA2212436400722812 /* ViewController.swift */; };
		6661F8CE2212436400722812 /* Main.storyboard in Resources */ = {isa = PBXBuildFile; fileRef = 6661F8CC2212436400722812 /* Main.storyboard */; };
		6661F8D12212436400722812 /* BK_Valve.xcdatamodeld in Sources */ = {isa = PBXBuildFile; fileRef = 6661F8CF2212436400722812 /* BK_Valve.xcdatamodeld */; };
		6661F8D32212436600722812 /* Assets.xcassets in Resources */ = {isa = PBXBuildFile; fileRef = 6661F8D22212436600722812 /* Assets.xcassets */; };
		6661F8D62212436600722812 /* LaunchScreen.storyboard in Resources */ = {isa = PBXBuildFile; fileRef = 6661F8D42212436600722812 /* LaunchScreen.storyboard */; };
		667C59D32217A8FD0029F8AD /* ProfileTableViewController.swift in Sources */ = {isa = PBXBuildFile; fileRef = 667C59D12217A8FD0029F8AD /* ProfileTableViewController.swift */; };
		667C59D62217B6100029F8AD /* Utilities.swift in Sources */ = {isa = PBXBuildFile; fileRef = 667C59D52217B6100029F8AD /* Utilities.swift */; };
		667C59D82217BE800029F8AD /* CRC16.swift in Sources */ = {isa = PBXBuildFile; fileRef = 667C59D72217BE800029F8AD /* CRC16.swift */; };
		668981FF221644A200E1AE21 /* BluetoothSerial.swift in Sources */ = {isa = PBXBuildFile; fileRef = 668981FE221644A200E1AE21 /* BluetoothSerial.swift */; };
		66898202221644CC00E1AE21 /* BTTableViewController.swift in Sources */ = {isa = PBXBuildFile; fileRef = 66898200221644CC00E1AE21 /* BTTableViewController.swift */; };
/* End PBXBuildFile section */

/* Begin PBXFileReference section */
		4CF5D09B14B503178CC4B43F /* Pods_BK_Valve.framework */ = {isa = PBXFileReference; explicitFileType = wrapper.framework; includeInIndex = 0; path = Pods_BK_Valve.framework; sourceTree = BUILT_PRODUCTS_DIR; };
		6661F8C52212436400722812 /* BK-Valve.app */ = {isa = PBXFileReference; explicitFileType = wrapper.application; includeInIndex = 0; path = "BK-Valve.app"; sourceTree = BUILT_PRODUCTS_DIR; };
		6661F8C82212436400722812 /* AppDelegate.swift */ = {isa = PBXFileReference; lastKnownFileType = sourcecode.swift; path = AppDelegate.swift; sourceTree = "<group>"; };
		6661F8CA2212436400722812 /* ViewController.swift */ = {isa = PBXFileReference; lastKnownFileType = sourcecode.swift; path = ViewController.swift; sourceTree = "<group>"; };
		6661F8CD2212436400722812 /* Base */ = {isa = PBXFileReference; lastKnownFileType = file.storyboard; name = Base; path = Base.lproj/Main.storyboard; sourceTree = "<group>"; };
		6661F8D02212436400722812 /* BK_Valve.xcdatamodel */ = {isa = PBXFileReference; lastKnownFileType = wrapper.xcdatamodel; path = BK_Valve.xcdatamodel; sourceTree = "<group>"; };
		6661F8D22212436600722812 /* Assets.xcassets */ = {isa = PBXFileReference; lastKnownFileType = folder.assetcatalog; path = Assets.xcassets; sourceTree = "<group>"; };
		6661F8D52212436600722812 /* Base */ = {isa = PBXFileReference; lastKnownFileType = file.storyboard; name = Base; path = Base.lproj/LaunchScreen.storyboard; sourceTree = "<group>"; };
		6661F8D72212436600722812 /* Info.plist */ = {isa = PBXFileReference; lastKnownFileType = text.plist.xml; path = Info.plist; sourceTree = "<group>"; };
		667C59D12217A8FD0029F8AD /* ProfileTableViewController.swift */ = {isa = PBXFileReference; lastKnownFileType = sourcecode.swift; path = ProfileTableViewController.swift; sourceTree = "<group>"; };
		667C59D52217B6100029F8AD /* Utilities.swift */ = {isa = PBXFileReference; lastKnownFileType = sourcecode.swift; path = Utilities.swift; sourceTree = "<group>"; };
		667C59D72217BE800029F8AD /* CRC16.swift */ = {isa = PBXFileReference; lastKnownFileType = sourcecode.swift; path = CRC16.swift; sourceTree = "<group>"; };
		668981FE221644A200E1AE21 /* BluetoothSerial.swift */ = {isa = PBXFileReference; fileEncoding = 4; lastKnownFileType = sourcecode.swift; path = BluetoothSerial.swift; sourceTree = "<group>"; };
		66898200221644CC00E1AE21 /* BTTableViewController.swift */ = {isa = PBXFileReference; lastKnownFileType = sourcecode.swift; path = BTTableViewController.swift; sourceTree = "<group>"; };
		6E0813E957A3B62D74BD1E0D /* Pods-BK-Valve.release.xcconfig */ = {isa = PBXFileReference; includeInIndex = 1; lastKnownFileType = text.xcconfig; name = "Pods-BK-Valve.release.xcconfig"; path = "Pods/Target Support Files/Pods-BK-Valve/Pods-BK-Valve.release.xcconfig"; sourceTree = "<group>"; };
		C8A969AEE3FAD3F6838911DC /* Pods-BK-Valve.debug.xcconfig */ = {isa = PBXFileReference; includeInIndex = 1; lastKnownFileType = text.xcconfig; name = "Pods-BK-Valve.debug.xcconfig"; path = "Pods/Target Support Files/Pods-BK-Valve/Pods-BK-Valve.debug.xcconfig"; sourceTree = "<group>"; };
/* End PBXFileReference section */

/* Begin PBXFrameworksBuildPhase section */
		6661F8C22212436400722812 /* Frameworks */ = {
			isa = PBXFrameworksBuildPhase;
			buildActionMask = 2147483647;
			files = (
				2F95E2129A103DD79FABFDF2 /* Pods_BK_Valve.framework in Frameworks */,
			);
			runOnlyForDeploymentPostprocessing = 0;
		};
/* End PBXFrameworksBuildPhase section */

/* Begin PBXGroup section */
		52168D79A7A7D85362D2DF64 /* Pods */ = {
			isa = PBXGroup;
			children = (
				C8A969AEE3FAD3F6838911DC /* Pods-BK-Valve.debug.xcconfig */,
				6E0813E957A3B62D74BD1E0D /* Pods-BK-Valve.release.xcconfig */,
			);
			name = Pods;
			sourceTree = "<group>";
		};
		6661F8BC2212436400722812 = {
			isa = PBXGroup;
			children = (
				6661F8C72212436400722812 /* BK-Valve */,
				6661F8C62212436400722812 /* Products */,
				52168D79A7A7D85362D2DF64 /* Pods */,
				C31B8C50FF7546AA4101C23A /* Frameworks */,
			);
			sourceTree = "<group>";
		};
		6661F8C62212436400722812 /* Products */ = {
			isa = PBXGroup;
			children = (
				6661F8C52212436400722812 /* BK-Valve.app */,
			);
			name = Products;
			sourceTree = "<group>";
		};
		6661F8C72212436400722812 /* BK-Valve */ = {
			isa = PBXGroup;
			children = (
				6661F8DF221243B900722812 /* Controller */,
				6661F8DE221243B500722812 /* Model */,
				6661F8DD221243AF00722812 /* View */,
				6661F8D72212436600722812 /* Info.plist */,
			);
			path = "BK-Valve";
			sourceTree = "<group>";
		};
		6661F8DD221243AF00722812 /* View */ = {
			isa = PBXGroup;
			children = (
				6661F8D42212436600722812 /* LaunchScreen.storyboard */,
				6661F8CC2212436400722812 /* Main.storyboard */,
				6661F8D22212436600722812 /* Assets.xcassets */,
			);
			path = View;
			sourceTree = "<group>";
		};
		6661F8DE221243B500722812 /* Model */ = {
			isa = PBXGroup;
			children = (
				6661F8CF2212436400722812 /* BK_Valve.xcdatamodeld */,
			);
			path = Model;
			sourceTree = "<group>";
		};
		6661F8DF221243B900722812 /* Controller */ = {
			isa = PBXGroup;
			children = (
				6661F8C82212436400722812 /* AppDelegate.swift */,
				667C59D12217A8FD0029F8AD /* ProfileTableViewController.swift */,
				66898200221644CC00E1AE21 /* BTTableViewController.swift */,
				6661F8CA2212436400722812 /* ViewController.swift */,
				667C59D52217B6100029F8AD /* Utilities.swift */,
				667C59D72217BE800029F8AD /* CRC16.swift */,
				668981FE221644A200E1AE21 /* BluetoothSerial.swift */,
			);
			path = Controller;
			sourceTree = "<group>";
		};
		C31B8C50FF7546AA4101C23A /* Frameworks */ = {
			isa = PBXGroup;
			children = (
				4CF5D09B14B503178CC4B43F /* Pods_BK_Valve.framework */,
			);
			name = Frameworks;
			sourceTree = "<group>";
		};
/* End PBXGroup section */

/* Begin PBXNativeTarget section */
		6661F8C42212436400722812 /* BK-Valve */ = {
			isa = PBXNativeTarget;
			buildConfigurationList = 6661F8DA2212436600722812 /* Build configuration list for PBXNativeTarget "BK-Valve" */;
			buildPhases = (
				B65B3F836144F0D59D674F7F /* [CP] Check Pods Manifest.lock */,
				6661F8C12212436400722812 /* Sources */,
				6661F8C22212436400722812 /* Frameworks */,
				6661F8C32212436400722812 /* Resources */,
				587D7A72F26836234DAA4184 /* [CP] Embed Pods Frameworks */,
			);
			buildRules = (
			);
			dependencies = (
			);
			name = "BK-Valve";
			productName = "BK-Valve";
			productReference = 6661F8C52212436400722812 /* BK-Valve.app */;
			productType = "com.apple.product-type.application";
		};
/* End PBXNativeTarget section */

/* Begin PBXProject section */
		6661F8BD2212436400722812 /* Project object */ = {
			isa = PBXProject;
			attributes = {
				LastSwiftUpdateCheck = 1010;
				LastUpgradeCheck = 1010;
				ORGANIZATIONNAME = "Peter Kowalski";
				TargetAttributes = {
					6661F8C42212436400722812 = {
						CreatedOnToolsVersion = 10.1;
					};
				};
			};
			buildConfigurationList = 6661F8C02212436400722812 /* Build configuration list for PBXProject "BK-Valve" */;
			compatibilityVersion = "Xcode 9.3";
			developmentRegion = en;
			hasScannedForEncodings = 0;
			knownRegions = (
				en,
				Base,
			);
			mainGroup = 6661F8BC2212436400722812;
			productRefGroup = 6661F8C62212436400722812 /* Products */;
			projectDirPath = "";
			projectRoot = "";
			targets = (
				6661F8C42212436400722812 /* BK-Valve */,
			);
		};
/* End PBXProject section */

/* Begin PBXResourcesBuildPhase section */
		6661F8C32212436400722812 /* Resources */ = {
			isa = PBXResourcesBuildPhase;
			buildActionMask = 2147483647;
			files = (
				6661F8D62212436600722812 /* LaunchScreen.storyboard in Resources */,
				6661F8D32212436600722812 /* Assets.xcassets in Resources */,
				6661F8CE2212436400722812 /* Main.storyboard in Resources */,
			);
			runOnlyForDeploymentPostprocessing = 0;
		};
/* End PBXResourcesBuildPhase section */

/* Begin PBXShellScriptBuildPhase section */
		587D7A72F26836234DAA4184 /* [CP] Embed Pods Frameworks */ = {
			isa = PBXShellScriptBuildPhase;
			buildActionMask = 2147483647;
			files = (
			);
			inputFileListPaths = (
			);
			inputPaths = (
				"${SRCROOT}/Pods/Target Support Files/Pods-BK-Valve/Pods-BK-Valve-frameworks.sh",
				"${BUILT_PRODUCTS_DIR}/UICircularProgressRing/UICircularProgressRing.framework",
			);
			name = "[CP] Embed Pods Frameworks";
			outputFileListPaths = (
			);
			outputPaths = (
				"${TARGET_BUILD_DIR}/${FRAMEWORKS_FOLDER_PATH}/UICircularProgressRing.framework",
			);
			runOnlyForDeploymentPostprocessing = 0;
			shellPath = /bin/sh;
			shellScript = "\"${SRCROOT}/Pods/Target Support Files/Pods-BK-Valve/Pods-BK-Valve-frameworks.sh\"\n";
			showEnvVarsInLog = 0;
		};
		B65B3F836144F0D59D674F7F /* [CP] Check Pods Manifest.lock */ = {
			isa = PBXShellScriptBuildPhase;
			buildActionMask = 2147483647;
			files = (
			);
			inputFileListPaths = (
			);
			inputPaths = (
				"${PODS_PODFILE_DIR_PATH}/Podfile.lock",
				"${PODS_ROOT}/Manifest.lock",
			);
			name = "[CP] Check Pods Manifest.lock";
			outputFileListPaths = (
			);
			outputPaths = (
				"$(DERIVED_FILE_DIR)/Pods-BK-Valve-checkManifestLockResult.txt",
			);
			runOnlyForDeploymentPostprocessing = 0;
			shellPath = /bin/sh;
			shellScript = "diff \"${PODS_PODFILE_DIR_PATH}/Podfile.lock\" \"${PODS_ROOT}/Manifest.lock\" > /dev/null\nif [ $? != 0 ] ; then\n    # print error to STDERR\n    echo \"error: The sandbox is not in sync with the Podfile.lock. Run 'pod install' or update your CocoaPods installation.\" >&2\n    exit 1\nfi\n# This output is used by Xcode 'outputs' to avoid re-running this script phase.\necho \"SUCCESS\" > \"${SCRIPT_OUTPUT_FILE_0}\"\n";
			showEnvVarsInLog = 0;
		};
/* End PBXShellScriptBuildPhase section */

/* Begin PBXSourcesBuildPhase section */
		6661F8C12212436400722812 /* Sources */ = {
			isa = PBXSourcesBuildPhase;
			buildActionMask = 2147483647;
			files = (
				667C59D32217A8FD0029F8AD /* ProfileTableViewController.swift in Sources */,
				6661F8CB2212436400722812 /* ViewController.swift in Sources */,
				667C59D62217B6100029F8AD /* Utilities.swift in Sources */,
				6661F8C92212436400722812 /* AppDelegate.swift in Sources */,
				668981FF221644A200E1AE21 /* BluetoothSerial.swift in Sources */,
				667C59D82217BE800029F8AD /* CRC16.swift in Sources */,
				66898202221644CC00E1AE21 /* BTTableViewController.swift in Sources */,
				6661F8D12212436400722812 /* BK_Valve.xcdatamodeld in Sources */,
			);
			runOnlyForDeploymentPostprocessing = 0;
		};
/* End PBXSourcesBuildPhase section */

/* Begin PBXVariantGroup section */
		6661F8CC2212436400722812 /* Main.storyboard */ = {
			isa = PBXVariantGroup;
			children = (
				6661F8CD2212436400722812 /* Base */,
			);
			name = Main.storyboard;
			sourceTree = "<group>";
		};
		6661F8D42212436600722812 /* LaunchScreen.storyboard */ = {
			isa = PBXVariantGroup;
			children = (
				6661F8D52212436600722812 /* Base */,
			);
			name = LaunchScreen.storyboard;
			sourceTree = "<group>";
		};
/* End PBXVariantGroup section */

/* Begin XCBuildConfiguration section */
		6661F8D82212436600722812 /* Debug */ = {
			isa = XCBuildConfiguration;
			buildSettings = {
				ALWAYS_SEARCH_USER_PATHS = NO;
				CLANG_ANALYZER_NONNULL = YES;
				CLANG_ANALYZER_NUMBER_OBJECT_CONVERSION = YES_AGGRESSIVE;
				CLANG_CXX_LANGUAGE_STANDARD = "gnu++14";
				CLANG_CXX_LIBRARY = "libc++";
				CLANG_ENABLE_MODULES = YES;
				CLANG_ENABLE_OBJC_ARC = YES;
				CLANG_ENABLE_OBJC_WEAK = YES;
				CLANG_WARN_BLOCK_CAPTURE_AUTORELEASING = YES;
				CLANG_WARN_BOOL_CONVERSION = YES;
				CLANG_WARN_COMMA = YES;
				CLANG_WARN_CONSTANT_CONVERSION = YES;
				CLANG_WARN_DEPRECATED_OBJC_IMPLEMENTATIONS = YES;
				CLANG_WARN_DIRECT_OBJC_ISA_USAGE = YES_ERROR;
				CLANG_WARN_DOCUMENTATION_COMMENTS = YES;
				CLANG_WARN_EMPTY_BODY = YES;
				CLANG_WARN_ENUM_CONVERSION = YES;
				CLANG_WARN_INFINITE_RECURSION = YES;
				CLANG_WARN_INT_CONVERSION = YES;
				CLANG_WARN_NON_LITERAL_NULL_CONVERSION = YES;
				CLANG_WARN_OBJC_IMPLICIT_RETAIN_SELF = YES;
				CLANG_WARN_OBJC_LITERAL_CONVERSION = YES;
				CLANG_WARN_OBJC_ROOT_CLASS = YES_ERROR;
				CLANG_WARN_RANGE_LOOP_ANALYSIS = YES;
				CLANG_WARN_STRICT_PROTOTYPES = YES;
				CLANG_WARN_SUSPICIOUS_MOVE = YES;
				CLANG_WARN_UNGUARDED_AVAILABILITY = YES_AGGRESSIVE;
				CLANG_WARN_UNREACHABLE_CODE = YES;
				CLANG_WARN__DUPLICATE_METHOD_MATCH = YES;
				CODE_SIGN_IDENTITY = "iPhone Developer";
				COPY_PHASE_STRIP = NO;
				DEBUG_INFORMATION_FORMAT = dwarf;
				ENABLE_STRICT_OBJC_MSGSEND = YES;
				ENABLE_TESTABILITY = YES;
				GCC_C_LANGUAGE_STANDARD = gnu11;
				GCC_DYNAMIC_NO_PIC = NO;
				GCC_NO_COMMON_BLOCKS = YES;
				GCC_OPTIMIZATION_LEVEL = 0;
				GCC_PREPROCESSOR_DEFINITIONS = (
					"DEBUG=1",
					"$(inherited)",
				);
				GCC_WARN_64_TO_32_BIT_CONVERSION = YES;
				GCC_WARN_ABOUT_RETURN_TYPE = YES_ERROR;
				GCC_WARN_UNDECLARED_SELECTOR = YES;
				GCC_WARN_UNINITIALIZED_AUTOS = YES_AGGRESSIVE;
				GCC_WARN_UNUSED_FUNCTION = YES;
				GCC_WARN_UNUSED_VARIABLE = YES;
				IPHONEOS_DEPLOYMENT_TARGET = 12.1;
				MTL_ENABLE_DEBUG_INFO = INCLUDE_SOURCE;
				MTL_FAST_MATH = YES;
				ONLY_ACTIVE_ARCH = YES;
				SDKROOT = iphoneos;
				SWIFT_ACTIVE_COMPILATION_CONDITIONS = DEBUG;
				SWIFT_OPTIMIZATION_LEVEL = "-Onone";
			};
			name = Debug;
		};
		6661F8D92212436600722812 /* Release */ = {
			isa = XCBuildConfiguration;
			buildSettings = {
				ALWAYS_SEARCH_USER_PATHS = NO;
				CLANG_ANALYZER_NONNULL = YES;
				CLANG_ANALYZER_NUMBER_OBJECT_CONVERSION = YES_AGGRESSIVE;
				CLANG_CXX_LANGUAGE_STANDARD = "gnu++14";
				CLANG_CXX_LIBRARY = "libc++";
				CLANG_ENABLE_MODULES = YES;
				CLANG_ENABLE_OBJC_ARC = YES;
				CLANG_ENABLE_OBJC_WEAK = YES;
				CLANG_WARN_BLOCK_CAPTURE_AUTORELEASING = YES;
				CLANG_WARN_BOOL_CONVERSION = YES;
				CLANG_WARN_COMMA = YES;
				CLANG_WARN_CONSTANT_CONVERSION = YES;
				CLANG_WARN_DEPRECATED_OBJC_IMPLEMENTATIONS = YES;
				CLANG_WARN_DIRECT_OBJC_ISA_USAGE = YES_ERROR;
				CLANG_WARN_DOCUMENTATION_COMMENTS = YES;
				CLANG_WARN_EMPTY_BODY = YES;
				CLANG_WARN_ENUM_CONVERSION = YES;
				CLANG_WARN_INFINITE_RECURSION = YES;
				CLANG_WARN_INT_CONVERSION = YES;
				CLANG_WARN_NON_LITERAL_NULL_CONVERSION = YES;
				CLANG_WARN_OBJC_IMPLICIT_RETAIN_SELF = YES;
				CLANG_WARN_OBJC_LITERAL_CONVERSION = YES;
				CLANG_WARN_OBJC_ROOT_CLASS = YES_ERROR;
				CLANG_WARN_RANGE_LOOP_ANALYSIS = YES;
				CLANG_WARN_STRICT_PROTOTYPES = YES;
				CLANG_WARN_SUSPICIOUS_MOVE = YES;
				CLANG_WARN_UNGUARDED_AVAILABILITY = YES_AGGRESSIVE;
				CLANG_WARN_UNREACHABLE_CODE = YES;
				CLANG_WARN__DUPLICATE_METHOD_MATCH = YES;
				CODE_SIGN_IDENTITY = "iPhone Developer";
				COPY_PHASE_STRIP = NO;
				DEBUG_INFORMATION_FORMAT = "dwarf-with-dsym";
				ENABLE_NS_ASSERTIONS = NO;
				ENABLE_STRICT_OBJC_MSGSEND = YES;
				GCC_C_LANGUAGE_STANDARD = gnu11;
				GCC_NO_COMMON_BLOCKS = YES;
				GCC_WARN_64_TO_32_BIT_CONVERSION = YES;
				GCC_WARN_ABOUT_RETURN_TYPE = YES_ERROR;
				GCC_WARN_UNDECLARED_SELECTOR = YES;
				GCC_WARN_UNINITIALIZED_AUTOS = YES_AGGRESSIVE;
				GCC_WARN_UNUSED_FUNCTION = YES;
				GCC_WARN_UNUSED_VARIABLE = YES;
				IPHONEOS_DEPLOYMENT_TARGET = 12.1;
				MTL_ENABLE_DEBUG_INFO = NO;
				MTL_FAST_MATH = YES;
				SDKROOT = iphoneos;
				SWIFT_COMPILATION_MODE = wholemodule;
				SWIFT_OPTIMIZATION_LEVEL = "-O";
				VALIDATE_PRODUCT = YES;
			};
			name = Release;
		};
		6661F8DB2212436600722812 /* Debug */ = {
			isa = XCBuildConfiguration;
			baseConfigurationReference = C8A969AEE3FAD3F6838911DC /* Pods-BK-Valve.debug.xcconfig */;
			buildSettings = {
				ASSETCATALOG_COMPILER_APPICON_NAME = AppIcon;
				CODE_SIGN_STYLE = Automatic;
				DEVELOPMENT_TEAM = 4V977U8B77;
				INFOPLIST_FILE = "BK-Valve/Info.plist";
				LD_RUNPATH_SEARCH_PATHS = (
					"$(inherited)",
					"@executable_path/Frameworks",
				);
				PRODUCT_BUNDLE_IDENTIFIER = "pl.bk-exhaust.BK-Valve";
				PRODUCT_NAME = "$(TARGET_NAME)";
				SWIFT_ENABLE_BATCH_MODE = NO;
				SWIFT_VERSION = 4.2;
				TARGETED_DEVICE_FAMILY = 1;
			};
			name = Debug;
		};
		6661F8DC2212436600722812 /* Release */ = {
			isa = XCBuildConfiguration;
			baseConfigurationReference = 6E0813E957A3B62D74BD1E0D /* Pods-BK-Valve.release.xcconfig */;
			buildSettings = {
				ASSETCATALOG_COMPILER_APPICON_NAME = AppIcon;
				CODE_SIGN_STYLE = Automatic;
				DEVELOPMENT_TEAM = 4V977U8B77;
				INFOPLIST_FILE = "BK-Valve/Info.plist";
				LD_RUNPATH_SEARCH_PATHS = (
					"$(inherited)",
					"@executable_path/Frameworks",
				);
				PRODUCT_BUNDLE_IDENTIFIER = "pl.bk-exhaust.BK-Valve";
				PRODUCT_NAME = "$(TARGET_NAME)";
				SWIFT_ENABLE_BATCH_MODE = NO;
				SWIFT_VERSION = 4.2;
				TARGETED_DEVICE_FAMILY = 1;
			};
			name = Release;
		};
/* End XCBuildConfiguration section */

/* Begin XCConfigurationList section */
		6661F8C02212436400722812 /* Build configuration list for PBXProject "BK-Valve" */ = {
			isa = XCConfigurationList;
			buildConfigurations = (
				6661F8D82212436600722812 /* Debug */,
				6661F8D92212436600722812 /* Release */,
			);
			defaultConfigurationIsVisible = 0;
			defaultConfigurationName = Release;
		};
		6661F8DA2212436600722812 /* Build configuration list for PBXNativeTarget "BK-Valve" */ = {
			isa = XCConfigurationList;
			buildConfigurations = (
				6661F8DB2212436600722812 /* Debug */,
				6661F8DC2212436600722812 /* Release */,
			);
			defaultConfigurationIsVisible = 0;
			defaultConfigurationName = Release;
		};
/* End XCConfigurationList section */

/* Begin XCVersionGroup section */
		6661F8CF2212436400722812 /* BK_Valve.xcdatamodeld */ = {
			isa = XCVersionGroup;
			children = (
				6661F8D02212436400722812 /* BK_Valve.xcdatamodel */,
			);
			currentVersion = 6661F8D02212436400722812 /* BK_Valve.xcdatamodel */;
			path = BK_Valve.xcdatamodeld;
			sourceTree = "<group>";
			versionGroupType = wrapper.xcdatamodel;
		};
/* End XCVersionGroup section */
	};
	rootObject = 6661F8BD2212436400722812 /* Project object */;
}
